{
  "name": "turbo-vpb",
  "lockfileVersion": 2,
  "requires": true,
  "packages": {
    "": {
      "dependencies": {
        "preact": "^10.10.6"
      }
    },
    "node_modules/preact": {
      "version": "10.10.6",
      "resolved": "https://registry.npmjs.org/preact/-/preact-10.10.6.tgz",
      "integrity": "sha512-w0mCL5vICUAZrh1DuHEdOWBjxdO62lvcO++jbzr8UhhYcTbFkpegLH9XX+7MadjTl/y0feoqwQ/zAnzkc/EGog==",
      "funding": {
        "type": "opencollective",
        "url": "https://opencollective.com/preact"
      }
    }
  },
  "dependencies": {
    "preact": {
      "version": "10.10.6",
      "resolved": "https://registry.npmjs.org/preact/-/preact-10.10.6.tgz",
      "integrity": "sha512-w0mCL5vICUAZrh1DuHEdOWBjxdO62lvcO++jbzr8UhhYcTbFkpegLH9XX+7MadjTl/y0feoqwQ/zAnzkc/EGog=="
    }
  }
}
